
Microsoft Visual Studio Solution File, Format Version 12.00
# Visual Studio Version 16
VisualStudioVersion = 16.0.30406.217
MinimumVisualStudioVersion = 10.0.40219.1
Project("{9A19103F-16F7-4668-BE54-9A1E7A4F7556}") = "Cindi.Application", "Cindi.Application\Cindi.Application.csproj", "{FB00627A-59C1-4FBD-8D6A-99DF91BF4D06}"
EndProject
Project("{9A19103F-16F7-4668-BE54-9A1E7A4F7556}") = "Cindi.Domain", "Cindi.Domain\Cindi.Domain.csproj", "{A235207B-2999-42D5-A876-8BF1489D4CAA}"
EndProject
Project("{9A19103F-16F7-4668-BE54-9A1E7A4F7556}") = "Cindi.Infrastructure", "Cindi.Infrastructure\Cindi.Infrastructure.csproj", "{64E4FCED-E04E-439D-8900-E762DD31ADDB}"
EndProject
Project("{9A19103F-16F7-4668-BE54-9A1E7A4F7556}") = "Cindi.Persistence", "Cindi.Persistence\Cindi.Persistence.csproj", "{A21E00FC-3138-4165-8408-926F68081A78}"
EndProject
Project("{9A19103F-16F7-4668-BE54-9A1E7A4F7556}") = "Cindi.Presentation", "Cindi.Presentation\Cindi.Presentation.csproj", "{E05B89A2-85D5-4A02-A652-E9D30CD87665}"
EndProject
Project("{2150E333-8FDC-42A3-9474-1A3956D46DE8}") = "Tests", "Tests", "{8894F407-D591-4FB0-8FEE-243784C9D3F1}"
EndProject
Project("{9A19103F-16F7-4668-BE54-9A1E7A4F7556}") = "Cindi.Infrastructure.Tests", "Cindi.Infrastructure.Tests\Cindi.Infrastructure.Tests.csproj", "{D9BD42DF-F19F-4292-8430-65627681EDBA}"
EndProject
Project("{9A19103F-16F7-4668-BE54-9A1E7A4F7556}") = "Cindi.Application.Tests", "Cindi.Application.Tests\Cindi.Application.Tests.csproj", "{037169DF-9C00-40DD-AB0F-046DF0A9BB37}"
EndProject
Project("{9A19103F-16F7-4668-BE54-9A1E7A4F7556}") = "Cindi.Test.Global", "Cindi.Test.Data\Cindi.Test.Global.csproj", "{C8C8E1E6-894C-4F6B-BE12-30CC1FF244CA}"
EndProject
Project("{9A19103F-16F7-4668-BE54-9A1E7A4F7556}") = "Cindi.Domain.Tests", "Cindi.Domain.Tests\Cindi.Domain.Tests.csproj", "{7B551066-A476-4CD1-8C8F-E2AD9E96521E}"
EndProject
Project("{9A19103F-16F7-4668-BE54-9A1E7A4F7556}") = "Cindi.Presentation.Tests", "Cindi.Presentation.Tests\Cindi.Presentation.Tests.csproj", "{F8938DB7-4410-4B09-BC33-4AE7D7599A53}"
EndProject
Project("{FAE04EC0-301F-11D3-BF4B-00C04F79EFBC}") = "Cindi.Persistence.Tests", "Cindi.Persistence.Tests\Cindi.Persistence.Tests.csproj", "{6E898956-C5E8-40DA-8DA7-40CD71CDC6B5}"
EndProject
Global
	GlobalSection(SolutionConfigurationPlatforms) = preSolution
		Debug|Any CPU = Debug|Any CPU
		Release|Any CPU = Release|Any CPU
	EndGlobalSection
	GlobalSection(ProjectConfigurationPlatforms) = postSolution
		{FB00627A-59C1-4FBD-8D6A-99DF91BF4D06}.Debug|Any CPU.ActiveCfg = Debug|Any CPU
		{FB00627A-59C1-4FBD-8D6A-99DF91BF4D06}.Debug|Any CPU.Build.0 = Debug|Any CPU
		{FB00627A-59C1-4FBD-8D6A-99DF91BF4D06}.Release|Any CPU.ActiveCfg = Release|Any CPU
		{FB00627A-59C1-4FBD-8D6A-99DF91BF4D06}.Release|Any CPU.Build.0 = Release|Any CPU
		{A235207B-2999-42D5-A876-8BF1489D4CAA}.Debug|Any CPU.ActiveCfg = Debug|Any CPU
		{A235207B-2999-42D5-A876-8BF1489D4CAA}.Debug|Any CPU.Build.0 = Debug|Any CPU
		{A235207B-2999-42D5-A876-8BF1489D4CAA}.Release|Any CPU.ActiveCfg = Release|Any CPU
		{A235207B-2999-42D5-A876-8BF1489D4CAA}.Release|Any CPU.Build.0 = Release|Any CPU
		{64E4FCED-E04E-439D-8900-E762DD31ADDB}.Debug|Any CPU.ActiveCfg = Debug|Any CPU
		{64E4FCED-E04E-439D-8900-E762DD31ADDB}.Debug|Any CPU.Build.0 = Debug|Any CPU
		{64E4FCED-E04E-439D-8900-E762DD31ADDB}.Release|Any CPU.ActiveCfg = Release|Any CPU
		{64E4FCED-E04E-439D-8900-E762DD31ADDB}.Release|Any CPU.Build.0 = Release|Any CPU
		{A21E00FC-3138-4165-8408-926F68081A78}.Debug|Any CPU.ActiveCfg = Debug|Any CPU
		{A21E00FC-3138-4165-8408-926F68081A78}.Debug|Any CPU.Build.0 = Debug|Any CPU
		{A21E00FC-3138-4165-8408-926F68081A78}.Release|Any CPU.ActiveCfg = Release|Any CPU
		{A21E00FC-3138-4165-8408-926F68081A78}.Release|Any CPU.Build.0 = Release|Any CPU
		{E05B89A2-85D5-4A02-A652-E9D30CD87665}.Debug|Any CPU.ActiveCfg = Debug|Any CPU
		{E05B89A2-85D5-4A02-A652-E9D30CD87665}.Debug|Any CPU.Build.0 = Debug|Any CPU
		{E05B89A2-85D5-4A02-A652-E9D30CD87665}.Release|Any CPU.ActiveCfg = Release|Any CPU
		{E05B89A2-85D5-4A02-A652-E9D30CD87665}.Release|Any CPU.Build.0 = Release|Any CPU
		{D9BD42DF-F19F-4292-8430-65627681EDBA}.Debug|Any CPU.ActiveCfg = Debug|Any CPU
		{D9BD42DF-F19F-4292-8430-65627681EDBA}.Debug|Any CPU.Build.0 = Debug|Any CPU
		{D9BD42DF-F19F-4292-8430-65627681EDBA}.Release|Any CPU.ActiveCfg = Release|Any CPU
		{D9BD42DF-F19F-4292-8430-65627681EDBA}.Release|Any CPU.Build.0 = Release|Any CPU
		{037169DF-9C00-40DD-AB0F-046DF0A9BB37}.Debug|Any CPU.ActiveCfg = Debug|Any CPU
		{037169DF-9C00-40DD-AB0F-046DF0A9BB37}.Debug|Any CPU.Build.0 = Debug|Any CPU
		{037169DF-9C00-40DD-AB0F-046DF0A9BB37}.Release|Any CPU.ActiveCfg = Release|Any CPU
		{037169DF-9C00-40DD-AB0F-046DF0A9BB37}.Release|Any CPU.Build.0 = Release|Any CPU
		{C8C8E1E6-894C-4F6B-BE12-30CC1FF244CA}.Debug|Any CPU.ActiveCfg = Debug|Any CPU
		{C8C8E1E6-894C-4F6B-BE12-30CC1FF244CA}.Debug|Any CPU.Build.0 = Debug|Any CPU
		{C8C8E1E6-894C-4F6B-BE12-30CC1FF244CA}.Release|Any CPU.ActiveCfg = Release|Any CPU
		{C8C8E1E6-894C-4F6B-BE12-30CC1FF244CA}.Release|Any CPU.Build.0 = Release|Any CPU
		{7B551066-A476-4CD1-8C8F-E2AD9E96521E}.Debug|Any CPU.ActiveCfg = Debug|Any CPU
		{7B551066-A476-4CD1-8C8F-E2AD9E96521E}.Debug|Any CPU.Build.0 = Debug|Any CPU
		{7B551066-A476-4CD1-8C8F-E2AD9E96521E}.Release|Any CPU.ActiveCfg = Release|Any CPU
		{7B551066-A476-4CD1-8C8F-E2AD9E96521E}.Release|Any CPU.Build.0 = Release|Any CPU
		{F8938DB7-4410-4B09-BC33-4AE7D7599A53}.Debug|Any CPU.ActiveCfg = Debug|Any CPU
		{F8938DB7-4410-4B09-BC33-4AE7D7599A53}.Debug|Any CPU.Build.0 = Debug|Any CPU
		{F8938DB7-4410-4B09-BC33-4AE7D7599A53}.Release|Any CPU.ActiveCfg = Release|Any CPU
		{F8938DB7-4410-4B09-BC33-4AE7D7599A53}.Release|Any CPU.Build.0 = Release|Any CPU
		{6E898956-C5E8-40DA-8DA7-40CD71CDC6B5}.Debug|Any CPU.ActiveCfg = Debug|Any CPU
		{6E898956-C5E8-40DA-8DA7-40CD71CDC6B5}.Debug|Any CPU.Build.0 = Debug|Any CPU
		{6E898956-C5E8-40DA-8DA7-40CD71CDC6B5}.Release|Any CPU.ActiveCfg = Release|Any CPU
		{6E898956-C5E8-40DA-8DA7-40CD71CDC6B5}.Release|Any CPU.Build.0 = Release|Any CPU
	EndGlobalSection
	GlobalSection(SolutionProperties) = preSolution
		HideSolutionNode = FALSE
	EndGlobalSection
	GlobalSection(NestedProjects) = preSolution
		{D9BD42DF-F19F-4292-8430-65627681EDBA} = {8894F407-D591-4FB0-8FEE-243784C9D3F1}
		{037169DF-9C00-40DD-AB0F-046DF0A9BB37} = {8894F407-D591-4FB0-8FEE-243784C9D3F1}
		{C8C8E1E6-894C-4F6B-BE12-30CC1FF244CA} = {8894F407-D591-4FB0-8FEE-243784C9D3F1}
		{7B551066-A476-4CD1-8C8F-E2AD9E96521E} = {8894F407-D591-4FB0-8FEE-243784C9D3F1}
		{F8938DB7-4410-4B09-BC33-4AE7D7599A53} = {8894F407-D591-4FB0-8FEE-243784C9D3F1}
		{6E898956-C5E8-40DA-8DA7-40CD71CDC6B5} = {8894F407-D591-4FB0-8FEE-243784C9D3F1}
	EndGlobalSection
	GlobalSection(ExtensibilityGlobals) = postSolution
		SolutionGuid = {E86850D9-ABDC-4CE8-B34D-22BEC52926A3}
	EndGlobalSection
EndGlobal
